// !$*UTF8*$!
{
	archiveVersion = 1;
	classes = {
	};
	objectVersion = 56;
	objects = {

/* Begin PBXBuildFile section */
		4322437E29069B9E00899442 /* PasswordFieldView.swift in Sources */ = {isa = PBXBuildFile; fileRef = 4322437D29069B9E00899442 /* PasswordFieldView.swift */; };
		432243872906C11B00899442 /* Constants.swift in Sources */ = {isa = PBXBuildFile; fileRef = 432243862906C11B00899442 /* Constants.swift */; };
		433E59752906C6D50069F8DF /* Login.swift in Sources */ = {isa = PBXBuildFile; fileRef = 433E59742906C6D50069F8DF /* Login.swift */; };
		433E59812906C8D70069F8DF /* Medsenger.xcdatamodeld in Sources */ = {isa = PBXBuildFile; fileRef = 433E597F2906C8D70069F8DF /* Medsenger.xcdatamodeld */; };
		433E59832906C8F80069F8DF /* PersistenceController.swift in Sources */ = {isa = PBXBuildFile; fileRef = 433E59822906C8F80069F8DF /* PersistenceController.swift */; };
		433E59852906CA500069F8DF /* User.swift in Sources */ = {isa = PBXBuildFile; fileRef = 433E59842906CA500069F8DF /* User.swift */; };
		433E598A2906DE6C0069F8DF /* NetworkRequest.swift in Sources */ = {isa = PBXBuildFile; fileRef = 433E59892906DE6C0069F8DF /* NetworkRequest.swift */; };
		433E598F2907EBB60069F8DF /* SignInRequest.swift in Sources */ = {isa = PBXBuildFile; fileRef = 433E598E2907EBB60069F8DF /* SignInRequest.swift */; };
		433F0D0429069707008E1F42 /* ContentViewModel.swift in Sources */ = {isa = PBXBuildFile; fileRef = 433F0D0329069707008E1F42 /* ContentViewModel.swift */; };
		433F0D0829069835008E1F42 /* SignInView.swift in Sources */ = {isa = PBXBuildFile; fileRef = 433F0D0729069835008E1F42 /* SignInView.swift */; };
		433F0D0A29069842008E1F42 /* SignInViewModel.swift in Sources */ = {isa = PBXBuildFile; fileRef = 433F0D0929069842008E1F42 /* SignInViewModel.swift */; };
		4344D47C291286750005E70F /* Image+Data.swift in Sources */ = {isa = PBXBuildFile; fileRef = 4344D47B291286750005E70F /* Image+Data.swift */; };
		434FD4A42912AD87005945B9 /* ChatRow.swift in Sources */ = {isa = PBXBuildFile; fileRef = 434FD4A32912AD87005945B9 /* ChatRow.swift */; };
		437DB1502913FBF900D847E7 /* Account.swift in Sources */ = {isa = PBXBuildFile; fileRef = 437DB14F2913FBF900D847E7 /* Account.swift */; };
		437DB153291405B100D847E7 /* Contracts.swift in Sources */ = {isa = PBXBuildFile; fileRef = 437DB152291405B100D847E7 /* Contracts.swift */; };
		437DB15529140D4E00D847E7 /* DoctorsArchiveRequest.swift in Sources */ = {isa = PBXBuildFile; fileRef = 437DB15429140D4E00D847E7 /* DoctorsArchiveRequest.swift */; };
		437DB157291410B900D847E7 /* ArchivesChatsView.swift in Sources */ = {isa = PBXBuildFile; fileRef = 437DB156291410B900D847E7 /* ArchivesChatsView.swift */; };
		43953DFD29191A04006C8B3D /* Message+CoreDataClass.swift in Sources */ = {isa = PBXBuildFile; fileRef = 43953DFB29191A04006C8B3D /* Message+CoreDataClass.swift */; };
		43953E0129191FCB006C8B3D /* Messages.swift in Sources */ = {isa = PBXBuildFile; fileRef = 43953E0029191FCB006C8B3D /* Messages.swift */; };
		43953E0329191FF5006C8B3D /* MessagesRequest.swift in Sources */ = {isa = PBXBuildFile; fileRef = 43953E0229191FF5006C8B3D /* MessagesRequest.swift */; };
		43953E0829192A6C006C8B3D /* ChatView.swift in Sources */ = {isa = PBXBuildFile; fileRef = 43953E0729192A6C006C8B3D /* ChatView.swift */; };
		43953E0A29192A76006C8B3D /* ChatViewModel.swift in Sources */ = {isa = PBXBuildFile; fileRef = 43953E0929192A76006C8B3D /* ChatViewModel.swift */; };
		43953E0C29192EF0006C8B3D /* String+.swift in Sources */ = {isa = PBXBuildFile; fileRef = 43953E0B29192EF0006C8B3D /* String+.swift */; };
		43953E0F291931E3006C8B3D /* Attachment+CoreDataClass.swift in Sources */ = {isa = PBXBuildFile; fileRef = 43953E0D291931E3006C8B3D /* Attachment+CoreDataClass.swift */; };
		43953E13291939AC006C8B3D /* ImageAttachment+CoreDataClass.swift in Sources */ = {isa = PBXBuildFile; fileRef = 43953E11291939AC006C8B3D /* ImageAttachment+CoreDataClass.swift */; };
		43DB0E592909533800801296 /* LocalizedString+.swift in Sources */ = {isa = PBXBuildFile; fileRef = 43DB0E582909533800801296 /* LocalizedString+.swift */; };
		43DB0E5C2909553F00801296 /* Localizable.strings in Resources */ = {isa = PBXBuildFile; fileRef = 43DB0E5E2909553F00801296 /* Localizable.strings */; };
		43DB0E6029095B9800801296 /* KeyChain.swift in Sources */ = {isa = PBXBuildFile; fileRef = 43DB0E5F29095B9800801296 /* KeyChain.swift */; };
		43DB0E6329095E1500801296 /* ChatsView.swift in Sources */ = {isa = PBXBuildFile; fileRef = 43DB0E6229095E1500801296 /* ChatsView.swift */; };
		43DB0E6629095E3200801296 /* SettingsView.swift in Sources */ = {isa = PBXBuildFile; fileRef = 43DB0E6529095E3200801296 /* SettingsView.swift */; };
		43DB0E682909612B00801296 /* SettingsViewModel.swift in Sources */ = {isa = PBXBuildFile; fileRef = 43DB0E672909612B00801296 /* SettingsViewModel.swift */; };
		43DB0E6A2909631C00801296 /* ProfileDataView.swift in Sources */ = {isa = PBXBuildFile; fileRef = 43DB0E692909631C00801296 /* ProfileDataView.swift */; };
		43DB0E6C2909747900801296 /* UserDefaults+AppPrefs.swift in Sources */ = {isa = PBXBuildFile; fileRef = 43DB0E6B2909747900801296 /* UserDefaults+AppPrefs.swift */; };
		43DB0E6E29097ABB00801296 /* ChooseRoleView.swift in Sources */ = {isa = PBXBuildFile; fileRef = 43DB0E6D29097ABB00801296 /* ChooseRoleView.swift */; };
		43DB0E702909840C00801296 /* CheckRequest.swift in Sources */ = {isa = PBXBuildFile; fileRef = 43DB0E6F2909840C00801296 /* CheckRequest.swift */; };
		43E5EA0D290AAD97008754C5 /* ImagePicker.swift in Sources */ = {isa = PBXBuildFile; fileRef = 43E5EA0C290AAD97008754C5 /* ImagePicker.swift */; };
		43E5EA0F290ABAD2008754C5 /* UploadAvatarRequest.swift in Sources */ = {isa = PBXBuildFile; fileRef = 43E5EA0E290ABAD2008754C5 /* UploadAvatarRequest.swift */; };
		43E5EA13290ACAD8008754C5 /* EditPersonalDataView.swift in Sources */ = {isa = PBXBuildFile; fileRef = 43E5EA12290ACAD8008754C5 /* EditPersonalDataView.swift */; };
		43E5EA15290AD121008754C5 /* UpdateAccountRequest.swift in Sources */ = {isa = PBXBuildFile; fileRef = 43E5EA14290AD121008754C5 /* UpdateAccountRequest.swift */; };
		43E5EA18290AD89D008754C5 /* .gitignore in Resources */ = {isa = PBXBuildFile; fileRef = 43E5EA17290AD89C008754C5 /* .gitignore */; };
		43E5EA1A290BDF22008754C5 /* Clinic.swift in Sources */ = {isa = PBXBuildFile; fileRef = 43E5EA19290BDF22008754C5 /* Clinic.swift */; };
		43E5EA1D290FE36C008754C5 /* ResponseModels.swift in Sources */ = {isa = PBXBuildFile; fileRef = 43E5EA1C290FE36C008754C5 /* ResponseModels.swift */; };
		43E5EA1F290FF265008754C5 /* DateFormatter+.swift in Sources */ = {isa = PBXBuildFile; fileRef = 43E5EA1E290FF265008754C5 /* DateFormatter+.swift */; };
		43E5EA21290FF4B6008754C5 /* DoctorsRequest.swift in Sources */ = {isa = PBXBuildFile; fileRef = 43E5EA20290FF4B6008754C5 /* DoctorsRequest.swift */; };
		43E5EA23290FF568008754C5 /* ChatsViewModel.swift in Sources */ = {isa = PBXBuildFile; fileRef = 43E5EA22290FF568008754C5 /* ChatsViewModel.swift */; };
		43E5EA252910025A008754C5 /* UserDoctorContract.swift in Sources */ = {isa = PBXBuildFile; fileRef = 43E5EA242910025A008754C5 /* UserDoctorContract.swift */; };
		43E5EA2729100EA3008754C5 /* AgentAction.swift in Sources */ = {isa = PBXBuildFile; fileRef = 43E5EA2629100EA3008754C5 /* AgentAction.swift */; };
		43E5EA2929101754008754C5 /* BotAction.swift in Sources */ = {isa = PBXBuildFile; fileRef = 43E5EA2829101754008754C5 /* BotAction.swift */; };
		43E5EA2B29101E8C008754C5 /* AgentTask.swift in Sources */ = {isa = PBXBuildFile; fileRef = 43E5EA2A29101E8C008754C5 /* AgentTask.swift */; };
		43E5EA2D29113736008754C5 /* Agent.swift in Sources */ = {isa = PBXBuildFile; fileRef = 43E5EA2C29113736008754C5 /* Agent.swift */; };
		43E5EA2F291141AC008754C5 /* DoctorHelper.swift in Sources */ = {isa = PBXBuildFile; fileRef = 43E5EA2E291141AC008754C5 /* DoctorHelper.swift */; };
		43E5EA31291141EB008754C5 /* PatientHelper.swift in Sources */ = {isa = PBXBuildFile; fileRef = 43E5EA30291141EB008754C5 /* PatientHelper.swift */; };
		43E5EA33291141FD008754C5 /* InfoMaterial.swift in Sources */ = {isa = PBXBuildFile; fileRef = 43E5EA32291141FC008754C5 /* InfoMaterial.swift */; };
		43E5EA3529114219008754C5 /* ContractParam.swift in Sources */ = {isa = PBXBuildFile; fileRef = 43E5EA3429114219008754C5 /* ContractParam.swift */; };
		43FF65822902D2DB00AB9BB1 /* App.swift in Sources */ = {isa = PBXBuildFile; fileRef = 43FF65812902D2DB00AB9BB1 /* App.swift */; };
		43FF65842902D2DB00AB9BB1 /* ContentView.swift in Sources */ = {isa = PBXBuildFile; fileRef = 43FF65832902D2DB00AB9BB1 /* ContentView.swift */; };
		43FF65862902D2DD00AB9BB1 /* Assets.xcassets in Resources */ = {isa = PBXBuildFile; fileRef = 43FF65852902D2DD00AB9BB1 /* Assets.xcassets */; };
		43FF65892902D2DD00AB9BB1 /* Preview Assets.xcassets in Resources */ = {isa = PBXBuildFile; fileRef = 43FF65882902D2DD00AB9BB1 /* Preview Assets.xcassets */; };
/* End PBXBuildFile section */

/* Begin PBXFileReference section */
		4322437D29069B9E00899442 /* PasswordFieldView.swift */ = {isa = PBXFileReference; lastKnownFileType = sourcecode.swift; path = PasswordFieldView.swift; sourceTree = "<group>"; };
		432243812906AF8000899442 /* Medsenger.entitlements */ = {isa = PBXFileReference; lastKnownFileType = text.plist.entitlements; path = Medsenger.entitlements; sourceTree = "<group>"; };
		432243862906C11B00899442 /* Constants.swift */ = {isa = PBXFileReference; lastKnownFileType = sourcecode.swift; path = Constants.swift; sourceTree = "<group>"; };
		433E59742906C6D50069F8DF /* Login.swift */ = {isa = PBXFileReference; lastKnownFileType = sourcecode.swift; path = Login.swift; sourceTree = "<group>"; };
		433E59802906C8D70069F8DF /* Medsenger.xcdatamodel */ = {isa = PBXFileReference; lastKnownFileType = wrapper.xcdatamodel; path = Medsenger.xcdatamodel; sourceTree = "<group>"; };
		433E59822906C8F80069F8DF /* PersistenceController.swift */ = {isa = PBXFileReference; lastKnownFileType = sourcecode.swift; path = PersistenceController.swift; sourceTree = "<group>"; };
		433E59842906CA500069F8DF /* User.swift */ = {isa = PBXFileReference; lastKnownFileType = sourcecode.swift; path = User.swift; sourceTree = "<group>"; };
		433E59892906DE6C0069F8DF /* NetworkRequest.swift */ = {isa = PBXFileReference; lastKnownFileType = sourcecode.swift; path = NetworkRequest.swift; sourceTree = "<group>"; };
		433E598E2907EBB60069F8DF /* SignInRequest.swift */ = {isa = PBXFileReference; lastKnownFileType = sourcecode.swift; path = SignInRequest.swift; sourceTree = "<group>"; };
		433F0D0329069707008E1F42 /* ContentViewModel.swift */ = {isa = PBXFileReference; lastKnownFileType = sourcecode.swift; path = ContentViewModel.swift; sourceTree = "<group>"; };
		433F0D0729069835008E1F42 /* SignInView.swift */ = {isa = PBXFileReference; lastKnownFileType = sourcecode.swift; path = SignInView.swift; sourceTree = "<group>"; };
		433F0D0929069842008E1F42 /* SignInViewModel.swift */ = {isa = PBXFileReference; lastKnownFileType = sourcecode.swift; path = SignInViewModel.swift; sourceTree = "<group>"; };
		4344D47B291286750005E70F /* Image+Data.swift */ = {isa = PBXFileReference; lastKnownFileType = sourcecode.swift; path = "Image+Data.swift"; sourceTree = "<group>"; };
		434FD4A32912AD87005945B9 /* ChatRow.swift */ = {isa = PBXFileReference; lastKnownFileType = sourcecode.swift; path = ChatRow.swift; sourceTree = "<group>"; };
		437DB14F2913FBF900D847E7 /* Account.swift */ = {isa = PBXFileReference; lastKnownFileType = sourcecode.swift; path = Account.swift; sourceTree = "<group>"; };
		437DB152291405B100D847E7 /* Contracts.swift */ = {isa = PBXFileReference; lastKnownFileType = sourcecode.swift; path = Contracts.swift; sourceTree = "<group>"; };
		437DB15429140D4E00D847E7 /* DoctorsArchiveRequest.swift */ = {isa = PBXFileReference; lastKnownFileType = sourcecode.swift; path = DoctorsArchiveRequest.swift; sourceTree = "<group>"; };
		437DB156291410B900D847E7 /* ArchivesChatsView.swift */ = {isa = PBXFileReference; lastKnownFileType = sourcecode.swift; path = ArchivesChatsView.swift; sourceTree = "<group>"; };
		43953DFB29191A04006C8B3D /* Message+CoreDataClass.swift */ = {isa = PBXFileReference; lastKnownFileType = sourcecode.swift; path = "Message+CoreDataClass.swift"; sourceTree = "<group>"; };
		43953E0029191FCB006C8B3D /* Messages.swift */ = {isa = PBXFileReference; lastKnownFileType = sourcecode.swift; path = Messages.swift; sourceTree = "<group>"; };
		43953E0229191FF5006C8B3D /* MessagesRequest.swift */ = {isa = PBXFileReference; lastKnownFileType = sourcecode.swift; path = MessagesRequest.swift; sourceTree = "<group>"; };
		43953E0729192A6C006C8B3D /* ChatView.swift */ = {isa = PBXFileReference; lastKnownFileType = sourcecode.swift; path = ChatView.swift; sourceTree = "<group>"; };
		43953E0929192A76006C8B3D /* ChatViewModel.swift */ = {isa = PBXFileReference; lastKnownFileType = sourcecode.swift; path = ChatViewModel.swift; sourceTree = "<group>"; };
		43953E0B29192EF0006C8B3D /* String+.swift */ = {isa = PBXFileReference; lastKnownFileType = sourcecode.swift; path = "String+.swift"; sourceTree = "<group>"; };
		43953E0D291931E3006C8B3D /* Attachment+CoreDataClass.swift */ = {isa = PBXFileReference; lastKnownFileType = sourcecode.swift; path = "Attachment+CoreDataClass.swift"; sourceTree = "<group>"; };
		43953E11291939AC006C8B3D /* ImageAttachment+CoreDataClass.swift */ = {isa = PBXFileReference; lastKnownFileType = sourcecode.swift; path = "ImageAttachment+CoreDataClass.swift"; sourceTree = "<group>"; };
		43DB0E582909533800801296 /* LocalizedString+.swift */ = {isa = PBXFileReference; lastKnownFileType = sourcecode.swift; path = "LocalizedString+.swift"; sourceTree = "<group>"; };
		43DB0E5D2909553F00801296 /* en */ = {isa = PBXFileReference; lastKnownFileType = text.plist.strings; name = en; path = en.lproj/Localizable.strings; sourceTree = "<group>"; };
		43DB0E5F29095B9800801296 /* KeyChain.swift */ = {isa = PBXFileReference; lastKnownFileType = sourcecode.swift; path = KeyChain.swift; sourceTree = "<group>"; };
		43DB0E6229095E1500801296 /* ChatsView.swift */ = {isa = PBXFileReference; lastKnownFileType = sourcecode.swift; path = ChatsView.swift; sourceTree = "<group>"; };
		43DB0E6529095E3200801296 /* SettingsView.swift */ = {isa = PBXFileReference; lastKnownFileType = sourcecode.swift; path = SettingsView.swift; sourceTree = "<group>"; };
		43DB0E672909612B00801296 /* SettingsViewModel.swift */ = {isa = PBXFileReference; lastKnownFileType = sourcecode.swift; path = SettingsViewModel.swift; sourceTree = "<group>"; };
		43DB0E692909631C00801296 /* ProfileDataView.swift */ = {isa = PBXFileReference; lastKnownFileType = sourcecode.swift; path = ProfileDataView.swift; sourceTree = "<group>"; };
		43DB0E6B2909747900801296 /* UserDefaults+AppPrefs.swift */ = {isa = PBXFileReference; lastKnownFileType = sourcecode.swift; path = "UserDefaults+AppPrefs.swift"; sourceTree = "<group>"; };
		43DB0E6D29097ABB00801296 /* ChooseRoleView.swift */ = {isa = PBXFileReference; lastKnownFileType = sourcecode.swift; path = ChooseRoleView.swift; sourceTree = "<group>"; };
		43DB0E6F2909840C00801296 /* CheckRequest.swift */ = {isa = PBXFileReference; lastKnownFileType = sourcecode.swift; path = CheckRequest.swift; sourceTree = "<group>"; };
		43E5EA0C290AAD97008754C5 /* ImagePicker.swift */ = {isa = PBXFileReference; lastKnownFileType = sourcecode.swift; path = ImagePicker.swift; sourceTree = "<group>"; };
		43E5EA0E290ABAD2008754C5 /* UploadAvatarRequest.swift */ = {isa = PBXFileReference; lastKnownFileType = sourcecode.swift; path = UploadAvatarRequest.swift; sourceTree = "<group>"; };
		43E5EA12290ACAD8008754C5 /* EditPersonalDataView.swift */ = {isa = PBXFileReference; lastKnownFileType = sourcecode.swift; path = EditPersonalDataView.swift; sourceTree = "<group>"; };
		43E5EA14290AD121008754C5 /* UpdateAccountRequest.swift */ = {isa = PBXFileReference; lastKnownFileType = sourcecode.swift; path = UpdateAccountRequest.swift; sourceTree = "<group>"; };
		43E5EA16290AD7D1008754C5 /* README.md */ = {isa = PBXFileReference; lastKnownFileType = net.daringfireball.markdown; path = README.md; sourceTree = "<group>"; };
		43E5EA17290AD89C008754C5 /* .gitignore */ = {isa = PBXFileReference; lastKnownFileType = text; path = .gitignore; sourceTree = "<group>"; };
		43E5EA19290BDF22008754C5 /* Clinic.swift */ = {isa = PBXFileReference; lastKnownFileType = sourcecode.swift; path = Clinic.swift; sourceTree = "<group>"; };
		43E5EA1C290FE36C008754C5 /* ResponseModels.swift */ = {isa = PBXFileReference; lastKnownFileType = sourcecode.swift; path = ResponseModels.swift; sourceTree = "<group>"; };
		43E5EA1E290FF265008754C5 /* DateFormatter+.swift */ = {isa = PBXFileReference; lastKnownFileType = sourcecode.swift; path = "DateFormatter+.swift"; sourceTree = "<group>"; };
		43E5EA20290FF4B6008754C5 /* DoctorsRequest.swift */ = {isa = PBXFileReference; lastKnownFileType = sourcecode.swift; path = DoctorsRequest.swift; sourceTree = "<group>"; };
		43E5EA22290FF568008754C5 /* ChatsViewModel.swift */ = {isa = PBXFileReference; lastKnownFileType = sourcecode.swift; path = ChatsViewModel.swift; sourceTree = "<group>"; };
		43E5EA242910025A008754C5 /* UserDoctorContract.swift */ = {isa = PBXFileReference; lastKnownFileType = sourcecode.swift; path = UserDoctorContract.swift; sourceTree = "<group>"; };
		43E5EA2629100EA3008754C5 /* AgentAction.swift */ = {isa = PBXFileReference; lastKnownFileType = sourcecode.swift; path = AgentAction.swift; sourceTree = "<group>"; };
		43E5EA2829101754008754C5 /* BotAction.swift */ = {isa = PBXFileReference; lastKnownFileType = sourcecode.swift; path = BotAction.swift; sourceTree = "<group>"; };
		43E5EA2A29101E8C008754C5 /* AgentTask.swift */ = {isa = PBXFileReference; lastKnownFileType = sourcecode.swift; path = AgentTask.swift; sourceTree = "<group>"; };
		43E5EA2C29113736008754C5 /* Agent.swift */ = {isa = PBXFileReference; lastKnownFileType = sourcecode.swift; path = Agent.swift; sourceTree = "<group>"; };
		43E5EA2E291141AC008754C5 /* DoctorHelper.swift */ = {isa = PBXFileReference; lastKnownFileType = sourcecode.swift; path = DoctorHelper.swift; sourceTree = "<group>"; };
		43E5EA30291141EB008754C5 /* PatientHelper.swift */ = {isa = PBXFileReference; lastKnownFileType = sourcecode.swift; path = PatientHelper.swift; sourceTree = "<group>"; };
		43E5EA32291141FC008754C5 /* InfoMaterial.swift */ = {isa = PBXFileReference; lastKnownFileType = sourcecode.swift; path = InfoMaterial.swift; sourceTree = "<group>"; };
		43E5EA3429114219008754C5 /* ContractParam.swift */ = {isa = PBXFileReference; lastKnownFileType = sourcecode.swift; path = ContractParam.swift; sourceTree = "<group>"; };
		43FF657E2902D2DB00AB9BB1 /* Medsenger.app */ = {isa = PBXFileReference; explicitFileType = wrapper.application; includeInIndex = 0; path = Medsenger.app; sourceTree = BUILT_PRODUCTS_DIR; };
		43FF65812902D2DB00AB9BB1 /* App.swift */ = {isa = PBXFileReference; lastKnownFileType = sourcecode.swift; path = App.swift; sourceTree = "<group>"; };
		43FF65832902D2DB00AB9BB1 /* ContentView.swift */ = {isa = PBXFileReference; lastKnownFileType = sourcecode.swift; path = ContentView.swift; sourceTree = "<group>"; };
		43FF65852902D2DD00AB9BB1 /* Assets.xcassets */ = {isa = PBXFileReference; lastKnownFileType = folder.assetcatalog; path = Assets.xcassets; sourceTree = "<group>"; };
		43FF65882902D2DD00AB9BB1 /* Preview Assets.xcassets */ = {isa = PBXFileReference; lastKnownFileType = folder.assetcatalog; path = "Preview Assets.xcassets"; sourceTree = "<group>"; };
/* End PBXFileReference section */

/* Begin PBXFrameworksBuildPhase section */
		43FF657B2902D2DB00AB9BB1 /* Frameworks */ = {
			isa = PBXFrameworksBuildPhase;
			buildActionMask = 2147483647;
			files = (
			);
			runOnlyForDeploymentPostprocessing = 0;
		};
/* End PBXFrameworksBuildPhase section */

/* Begin PBXGroup section */
		432243822906C0FC00899442 /* MedsengerKit */ = {
			isa = PBXGroup;
			children = (
				43953DFF29191FB8006C8B3D /* Messages */,
				433E59892906DE6C0069F8DF /* NetworkRequest.swift */,
				432243862906C11B00899442 /* Constants.swift */,
				437DB151291405A300D847E7 /* Contracts */,
				433E59732906C6C90069F8DF /* Login */,
				437DB14E2913FBEA00D847E7 /* Account */,
			);
			path = MedsengerKit;
			sourceTree = "<group>";
		};
		433E59732906C6C90069F8DF /* Login */ = {
			isa = PBXGroup;
			children = (
				433E598E2907EBB60069F8DF /* SignInRequest.swift */,
				433E59742906C6D50069F8DF /* Login.swift */,
			);
			path = Login;
			sourceTree = "<group>";
		};
		433E597E2906C8BC0069F8DF /* CoreData */ = {
			isa = PBXGroup;
			children = (
				43953E11291939AC006C8B3D /* ImageAttachment+CoreDataClass.swift */,
				43953E0D291931E3006C8B3D /* Attachment+CoreDataClass.swift */,
				43953DFB29191A04006C8B3D /* Message+CoreDataClass.swift */,
				433E597F2906C8D70069F8DF /* Medsenger.xcdatamodeld */,
				433E59822906C8F80069F8DF /* PersistenceController.swift */,
				43E5EA242910025A008754C5 /* UserDoctorContract.swift */,
				433E59842906CA500069F8DF /* User.swift */,
				43E5EA19290BDF22008754C5 /* Clinic.swift */,
				43E5EA2629100EA3008754C5 /* AgentAction.swift */,
				43E5EA2829101754008754C5 /* BotAction.swift */,
				43E5EA2A29101E8C008754C5 /* AgentTask.swift */,
				43E5EA2C29113736008754C5 /* Agent.swift */,
				43E5EA2E291141AC008754C5 /* DoctorHelper.swift */,
				43E5EA30291141EB008754C5 /* PatientHelper.swift */,
				43E5EA32291141FC008754C5 /* InfoMaterial.swift */,
				43E5EA3429114219008754C5 /* ContractParam.swift */,
			);
			path = CoreData;
			sourceTree = "<group>";
		};
		433F0D052906979D008E1F42 /* Views */ = {
			isa = PBXGroup;
			children = (
				43953E0429192A0B006C8B3D /* Chat */,
				4344D47A2912866A0005E70F /* Utils */,
				43DB0E6429095E2300801296 /* Settings */,
				43DB0E6129095E0200801296 /* Chats */,
				433F0D06290697B1008E1F42 /* SignIn */,
				43FF65832902D2DB00AB9BB1 /* ContentView.swift */,
				433F0D0329069707008E1F42 /* ContentViewModel.swift */,
				43DB0E6D29097ABB00801296 /* ChooseRoleView.swift */,
			);
			path = Views;
			sourceTree = "<group>";
		};
		433F0D06290697B1008E1F42 /* SignIn */ = {
			isa = PBXGroup;
			children = (
				433F0D0729069835008E1F42 /* SignInView.swift */,
				433F0D0929069842008E1F42 /* SignInViewModel.swift */,
				4322437D29069B9E00899442 /* PasswordFieldView.swift */,
			);
			path = SignIn;
			sourceTree = "<group>";
		};
		4344D47A2912866A0005E70F /* Utils */ = {
			isa = PBXGroup;
			children = (
				4344D47B291286750005E70F /* Image+Data.swift */,
			);
			path = Utils;
			sourceTree = "<group>";
		};
		437DB14E2913FBEA00D847E7 /* Account */ = {
			isa = PBXGroup;
			children = (
				43E5EA14290AD121008754C5 /* UpdateAccountRequest.swift */,
				43E5EA0E290ABAD2008754C5 /* UploadAvatarRequest.swift */,
				43DB0E6F2909840C00801296 /* CheckRequest.swift */,
				437DB14F2913FBF900D847E7 /* Account.swift */,
			);
			path = Account;
			sourceTree = "<group>";
		};
		437DB151291405A300D847E7 /* Contracts */ = {
			isa = PBXGroup;
			children = (
				437DB152291405B100D847E7 /* Contracts.swift */,
				43E5EA1C290FE36C008754C5 /* ResponseModels.swift */,
				43E5EA20290FF4B6008754C5 /* DoctorsRequest.swift */,
				437DB15429140D4E00D847E7 /* DoctorsArchiveRequest.swift */,
			);
			path = Contracts;
			sourceTree = "<group>";
		};
		43953DFF29191FB8006C8B3D /* Messages */ = {
			isa = PBXGroup;
			children = (
				43953E0029191FCB006C8B3D /* Messages.swift */,
				43953E0229191FF5006C8B3D /* MessagesRequest.swift */,
			);
			path = Messages;
			sourceTree = "<group>";
		};
		43953E0429192A0B006C8B3D /* Chat */ = {
			isa = PBXGroup;
			children = (
				43953E0729192A6C006C8B3D /* ChatView.swift */,
				43953E0929192A76006C8B3D /* ChatViewModel.swift */,
			);
			path = Chat;
			sourceTree = "<group>";
		};
		43DB0E572909530900801296 /* Utils */ = {
			isa = PBXGroup;
			children = (
				43DB0E5F29095B9800801296 /* KeyChain.swift */,
				43E5EA1E290FF265008754C5 /* DateFormatter+.swift */,
				43DB0E582909533800801296 /* LocalizedString+.swift */,
				43DB0E6B2909747900801296 /* UserDefaults+AppPrefs.swift */,
				43953E0B29192EF0006C8B3D /* String+.swift */,
			);
			path = Utils;
			sourceTree = "<group>";
		};
		43DB0E6129095E0200801296 /* Chats */ = {
			isa = PBXGroup;
			children = (
				43DB0E6229095E1500801296 /* ChatsView.swift */,
				43E5EA22290FF568008754C5 /* ChatsViewModel.swift */,
				434FD4A32912AD87005945B9 /* ChatRow.swift */,
				437DB156291410B900D847E7 /* ArchivesChatsView.swift */,
			);
			path = Chats;
			sourceTree = "<group>";
		};
		43DB0E6429095E2300801296 /* Settings */ = {
			isa = PBXGroup;
			children = (
				43DB0E6529095E3200801296 /* SettingsView.swift */,
				43DB0E672909612B00801296 /* SettingsViewModel.swift */,
				43DB0E692909631C00801296 /* ProfileDataView.swift */,
				43E5EA0C290AAD97008754C5 /* ImagePicker.swift */,
				43E5EA12290ACAD8008754C5 /* EditPersonalDataView.swift */,
			);
			path = Settings;
			sourceTree = "<group>";
		};
		43FF65752902D2DB00AB9BB1 = {
			isa = PBXGroup;
			children = (
				43E5EA17290AD89C008754C5 /* .gitignore */,
				43E5EA16290AD7D1008754C5 /* README.md */,
				433E597E2906C8BC0069F8DF /* CoreData */,
				432243822906C0FC00899442 /* MedsengerKit */,
				43FF65802902D2DB00AB9BB1 /* App */,
				43FF657F2902D2DB00AB9BB1 /* Products */,
				43FF65922902D46200AB9BB1 /* Frameworks */,
			);
			sourceTree = "<group>";
		};
		43FF657F2902D2DB00AB9BB1 /* Products */ = {
			isa = PBXGroup;
			children = (
				43FF657E2902D2DB00AB9BB1 /* Medsenger.app */,
			);
			name = Products;
			sourceTree = "<group>";
		};
		43FF65802902D2DB00AB9BB1 /* App */ = {
			isa = PBXGroup;
			children = (
				43DB0E572909530900801296 /* Utils */,
				432243812906AF8000899442 /* Medsenger.entitlements */,
				433F0D052906979D008E1F42 /* Views */,
				43FF65812902D2DB00AB9BB1 /* App.swift */,
				43FF65852902D2DD00AB9BB1 /* Assets.xcassets */,
				43FF65872902D2DD00AB9BB1 /* Preview Content */,
				43DB0E5E2909553F00801296 /* Localizable.strings */,
			);
			path = App;
			sourceTree = "<group>";
		};
		43FF65872902D2DD00AB9BB1 /* Preview Content */ = {
			isa = PBXGroup;
			children = (
				43FF65882902D2DD00AB9BB1 /* Preview Assets.xcassets */,
			);
			path = "Preview Content";
			sourceTree = "<group>";
		};
		43FF65922902D46200AB9BB1 /* Frameworks */ = {
			isa = PBXGroup;
			children = (
			);
			name = Frameworks;
			sourceTree = "<group>";
		};
/* End PBXGroup section */

/* Begin PBXNativeTarget section */
		43FF657D2902D2DB00AB9BB1 /* Medsenger */ = {
			isa = PBXNativeTarget;
			buildConfigurationList = 43FF658C2902D2DD00AB9BB1 /* Build configuration list for PBXNativeTarget "Medsenger" */;
			buildPhases = (
				43FF657A2902D2DB00AB9BB1 /* Sources */,
				43FF657B2902D2DB00AB9BB1 /* Frameworks */,
				43FF657C2902D2DB00AB9BB1 /* Resources */,
			);
			buildRules = (
			);
			dependencies = (
			);
			name = Medsenger;
			packageProductDependencies = (
			);
			productName = Medsenger;
			productReference = 43FF657E2902D2DB00AB9BB1 /* Medsenger.app */;
			productType = "com.apple.product-type.application";
		};
/* End PBXNativeTarget section */

/* Begin PBXProject section */
		43FF65762902D2DB00AB9BB1 /* Project object */ = {
			isa = PBXProject;
			attributes = {
				BuildIndependentTargetsInParallel = 1;
				LastSwiftUpdateCheck = 1400;
				LastUpgradeCheck = 1410;
				ORGANIZATIONNAME = "TelePat ltd.";
				TargetAttributes = {
					43FF657D2902D2DB00AB9BB1 = {
						CreatedOnToolsVersion = 14.0.1;
					};
				};
			};
			buildConfigurationList = 43FF65792902D2DB00AB9BB1 /* Build configuration list for PBXProject "Medsenger" */;
			compatibilityVersion = "Xcode 14.0";
			developmentRegion = en;
			hasScannedForEncodings = 0;
			knownRegions = (
				en,
				Base,
			);
			mainGroup = 43FF65752902D2DB00AB9BB1;
			packageReferences = (
			);
			productRefGroup = 43FF657F2902D2DB00AB9BB1 /* Products */;
			projectDirPath = "";
			projectRoot = "";
			targets = (
				43FF657D2902D2DB00AB9BB1 /* Medsenger */,
			);
		};
/* End PBXProject section */

/* Begin PBXResourcesBuildPhase section */
		43FF657C2902D2DB00AB9BB1 /* Resources */ = {
			isa = PBXResourcesBuildPhase;
			buildActionMask = 2147483647;
			files = (
				43E5EA18290AD89D008754C5 /* .gitignore in Resources */,
				43FF65892902D2DD00AB9BB1 /* Preview Assets.xcassets in Resources */,
				43DB0E5C2909553F00801296 /* Localizable.strings in Resources */,
				43FF65862902D2DD00AB9BB1 /* Assets.xcassets in Resources */,
			);
			runOnlyForDeploymentPostprocessing = 0;
		};
/* End PBXResourcesBuildPhase section */

/* Begin PBXSourcesBuildPhase section */
		43FF657A2902D2DB00AB9BB1 /* Sources */ = {
			isa = PBXSourcesBuildPhase;
			buildActionMask = 2147483647;
			files = (
				43E5EA2729100EA3008754C5 /* AgentAction.swift in Sources */,
				43953E0129191FCB006C8B3D /* Messages.swift in Sources */,
				43FF65842902D2DB00AB9BB1 /* ContentView.swift in Sources */,
				43E5EA0F290ABAD2008754C5 /* UploadAvatarRequest.swift in Sources */,
				43E5EA2929101754008754C5 /* BotAction.swift in Sources */,
				433E59832906C8F80069F8DF /* PersistenceController.swift in Sources */,
				43DB0E592909533800801296 /* LocalizedString+.swift in Sources */,
				433E598A2906DE6C0069F8DF /* NetworkRequest.swift in Sources */,
				43E5EA252910025A008754C5 /* UserDoctorContract.swift in Sources */,
				433E59852906CA500069F8DF /* User.swift in Sources */,
				43953E0C29192EF0006C8B3D /* String+.swift in Sources */,
				43E5EA1D290FE36C008754C5 /* ResponseModels.swift in Sources */,
				43953E0F291931E3006C8B3D /* Attachment+CoreDataClass.swift in Sources */,
				43953DFD29191A04006C8B3D /* Message+CoreDataClass.swift in Sources */,
				43DB0E6029095B9800801296 /* KeyChain.swift in Sources */,
				4344D47C291286750005E70F /* Image+Data.swift in Sources */,
				43FF65822902D2DB00AB9BB1 /* App.swift in Sources */,
				433E598F2907EBB60069F8DF /* SignInRequest.swift in Sources */,
				437DB15529140D4E00D847E7 /* DoctorsArchiveRequest.swift in Sources */,
				437DB157291410B900D847E7 /* ArchivesChatsView.swift in Sources */,
				43E5EA3529114219008754C5 /* ContractParam.swift in Sources */,
				43E5EA21290FF4B6008754C5 /* DoctorsRequest.swift in Sources */,
				43DB0E6329095E1500801296 /* ChatsView.swift in Sources */,
				43953E0329191FF5006C8B3D /* MessagesRequest.swift in Sources */,
				43DB0E6629095E3200801296 /* SettingsView.swift in Sources */,
				4322437E29069B9E00899442 /* PasswordFieldView.swift in Sources */,
				43E5EA31291141EB008754C5 /* PatientHelper.swift in Sources */,
				43DB0E702909840C00801296 /* CheckRequest.swift in Sources */,
				433F0D0829069835008E1F42 /* SignInView.swift in Sources */,
				43E5EA0D290AAD97008754C5 /* ImagePicker.swift in Sources */,
				43DB0E682909612B00801296 /* SettingsViewModel.swift in Sources */,
				43E5EA2D29113736008754C5 /* Agent.swift in Sources */,
				437DB1502913FBF900D847E7 /* Account.swift in Sources */,
				43E5EA33291141FD008754C5 /* InfoMaterial.swift in Sources */,
				432243872906C11B00899442 /* Constants.swift in Sources */,
				433E59752906C6D50069F8DF /* Login.swift in Sources */,
				433F0D0429069707008E1F42 /* ContentViewModel.swift in Sources */,
				43DB0E6A2909631C00801296 /* ProfileDataView.swift in Sources */,
				437DB153291405B100D847E7 /* Contracts.swift in Sources */,
				43E5EA23290FF568008754C5 /* ChatsViewModel.swift in Sources */,
				43E5EA1F290FF265008754C5 /* DateFormatter+.swift in Sources */,
				43E5EA15290AD121008754C5 /* UpdateAccountRequest.swift in Sources */,
				43953E0A29192A76006C8B3D /* ChatViewModel.swift in Sources */,
				43DB0E6C2909747900801296 /* UserDefaults+AppPrefs.swift in Sources */,
				43E5EA2F291141AC008754C5 /* DoctorHelper.swift in Sources */,
				43953E13291939AC006C8B3D /* ImageAttachment+CoreDataClass.swift in Sources */,
				43953E0829192A6C006C8B3D /* ChatView.swift in Sources */,
				43E5EA13290ACAD8008754C5 /* EditPersonalDataView.swift in Sources */,
				433F0D0A29069842008E1F42 /* SignInViewModel.swift in Sources */,
				43E5EA1A290BDF22008754C5 /* Clinic.swift in Sources */,
				43E5EA2B29101E8C008754C5 /* AgentTask.swift in Sources */,
				433E59812906C8D70069F8DF /* Medsenger.xcdatamodeld in Sources */,
				434FD4A42912AD87005945B9 /* ChatRow.swift in Sources */,
				43DB0E6E29097ABB00801296 /* ChooseRoleView.swift in Sources */,
			);
			runOnlyForDeploymentPostprocessing = 0;
		};
/* End PBXSourcesBuildPhase section */

/* Begin PBXVariantGroup section */
		43DB0E5E2909553F00801296 /* Localizable.strings */ = {
			isa = PBXVariantGroup;
			children = (
				43DB0E5D2909553F00801296 /* en */,
			);
			name = Localizable.strings;
			sourceTree = "<group>";
		};
/* End PBXVariantGroup section */

/* Begin XCBuildConfiguration section */
		43FF658A2902D2DD00AB9BB1 /* Debug */ = {
			isa = XCBuildConfiguration;
			buildSettings = {
				ALWAYS_SEARCH_USER_PATHS = NO;
				CLANG_ANALYZER_NONNULL = YES;
				CLANG_ANALYZER_NUMBER_OBJECT_CONVERSION = YES_AGGRESSIVE;
				CLANG_CXX_LANGUAGE_STANDARD = "gnu++20";
				CLANG_ENABLE_MODULES = YES;
				CLANG_ENABLE_OBJC_ARC = YES;
				CLANG_ENABLE_OBJC_WEAK = YES;
				CLANG_WARN_BLOCK_CAPTURE_AUTORELEASING = YES;
				CLANG_WARN_BOOL_CONVERSION = YES;
				CLANG_WARN_COMMA = YES;
				CLANG_WARN_CONSTANT_CONVERSION = YES;
				CLANG_WARN_DEPRECATED_OBJC_IMPLEMENTATIONS = YES;
				CLANG_WARN_DIRECT_OBJC_ISA_USAGE = YES_ERROR;
				CLANG_WARN_DOCUMENTATION_COMMENTS = YES;
				CLANG_WARN_EMPTY_BODY = YES;
				CLANG_WARN_ENUM_CONVERSION = YES;
				CLANG_WARN_INFINITE_RECURSION = YES;
				CLANG_WARN_INT_CONVERSION = YES;
				CLANG_WARN_NON_LITERAL_NULL_CONVERSION = YES;
				CLANG_WARN_OBJC_IMPLICIT_RETAIN_SELF = YES;
				CLANG_WARN_OBJC_LITERAL_CONVERSION = YES;
				CLANG_WARN_OBJC_ROOT_CLASS = YES_ERROR;
				CLANG_WARN_QUOTED_INCLUDE_IN_FRAMEWORK_HEADER = YES;
				CLANG_WARN_RANGE_LOOP_ANALYSIS = YES;
				CLANG_WARN_STRICT_PROTOTYPES = YES;
				CLANG_WARN_SUSPICIOUS_MOVE = YES;
				CLANG_WARN_UNGUARDED_AVAILABILITY = YES_AGGRESSIVE;
				CLANG_WARN_UNREACHABLE_CODE = YES;
				CLANG_WARN__DUPLICATE_METHOD_MATCH = YES;
				COPY_PHASE_STRIP = NO;
				DEBUG_INFORMATION_FORMAT = dwarf;
				ENABLE_STRICT_OBJC_MSGSEND = YES;
				ENABLE_TESTABILITY = YES;
				GCC_C_LANGUAGE_STANDARD = gnu11;
				GCC_DYNAMIC_NO_PIC = NO;
				GCC_NO_COMMON_BLOCKS = YES;
				GCC_OPTIMIZATION_LEVEL = 0;
				GCC_PREPROCESSOR_DEFINITIONS = (
					"DEBUG=1",
					"$(inherited)",
				);
				GCC_WARN_64_TO_32_BIT_CONVERSION = YES;
				GCC_WARN_ABOUT_RETURN_TYPE = YES_ERROR;
				GCC_WARN_UNDECLARED_SELECTOR = YES;
				GCC_WARN_UNINITIALIZED_AUTOS = YES_AGGRESSIVE;
				GCC_WARN_UNUSED_FUNCTION = YES;
				GCC_WARN_UNUSED_VARIABLE = YES;
				IPHONEOS_DEPLOYMENT_TARGET = 16.0;
				MTL_ENABLE_DEBUG_INFO = INCLUDE_SOURCE;
				MTL_FAST_MATH = YES;
				ONLY_ACTIVE_ARCH = YES;
				SDKROOT = iphoneos;
				SWIFT_ACTIVE_COMPILATION_CONDITIONS = DEBUG;
				SWIFT_OPTIMIZATION_LEVEL = "-Onone";
			};
			name = Debug;
		};
		43FF658B2902D2DD00AB9BB1 /* Release */ = {
			isa = XCBuildConfiguration;
			buildSettings = {
				ALWAYS_SEARCH_USER_PATHS = NO;
				CLANG_ANALYZER_NONNULL = YES;
				CLANG_ANALYZER_NUMBER_OBJECT_CONVERSION = YES_AGGRESSIVE;
				CLANG_CXX_LANGUAGE_STANDARD = "gnu++20";
				CLANG_ENABLE_MODULES = YES;
				CLANG_ENABLE_OBJC_ARC = YES;
				CLANG_ENABLE_OBJC_WEAK = YES;
				CLANG_WARN_BLOCK_CAPTURE_AUTORELEASING = YES;
				CLANG_WARN_BOOL_CONVERSION = YES;
				CLANG_WARN_COMMA = YES;
				CLANG_WARN_CONSTANT_CONVERSION = YES;
				CLANG_WARN_DEPRECATED_OBJC_IMPLEMENTATIONS = YES;
				CLANG_WARN_DIRECT_OBJC_ISA_USAGE = YES_ERROR;
				CLANG_WARN_DOCUMENTATION_COMMENTS = YES;
				CLANG_WARN_EMPTY_BODY = YES;
				CLANG_WARN_ENUM_CONVERSION = YES;
				CLANG_WARN_INFINITE_RECURSION = YES;
				CLANG_WARN_INT_CONVERSION = YES;
				CLANG_WARN_NON_LITERAL_NULL_CONVERSION = YES;
				CLANG_WARN_OBJC_IMPLICIT_RETAIN_SELF = YES;
				CLANG_WARN_OBJC_LITERAL_CONVERSION = YES;
				CLANG_WARN_OBJC_ROOT_CLASS = YES_ERROR;
				CLANG_WARN_QUOTED_INCLUDE_IN_FRAMEWORK_HEADER = YES;
				CLANG_WARN_RANGE_LOOP_ANALYSIS = YES;
				CLANG_WARN_STRICT_PROTOTYPES = YES;
				CLANG_WARN_SUSPICIOUS_MOVE = YES;
				CLANG_WARN_UNGUARDED_AVAILABILITY = YES_AGGRESSIVE;
				CLANG_WARN_UNREACHABLE_CODE = YES;
				CLANG_WARN__DUPLICATE_METHOD_MATCH = YES;
				COPY_PHASE_STRIP = NO;
				DEBUG_INFORMATION_FORMAT = "dwarf-with-dsym";
				ENABLE_NS_ASSERTIONS = NO;
				ENABLE_STRICT_OBJC_MSGSEND = YES;
				GCC_C_LANGUAGE_STANDARD = gnu11;
				GCC_NO_COMMON_BLOCKS = YES;
				GCC_WARN_64_TO_32_BIT_CONVERSION = YES;
				GCC_WARN_ABOUT_RETURN_TYPE = YES_ERROR;
				GCC_WARN_UNDECLARED_SELECTOR = YES;
				GCC_WARN_UNINITIALIZED_AUTOS = YES_AGGRESSIVE;
				GCC_WARN_UNUSED_FUNCTION = YES;
				GCC_WARN_UNUSED_VARIABLE = YES;
				IPHONEOS_DEPLOYMENT_TARGET = 16.0;
				MTL_ENABLE_DEBUG_INFO = NO;
				MTL_FAST_MATH = YES;
				SDKROOT = iphoneos;
				SWIFT_COMPILATION_MODE = wholemodule;
				SWIFT_OPTIMIZATION_LEVEL = "-O";
				VALIDATE_PRODUCT = YES;
			};
			name = Release;
		};
		43FF658D2902D2DD00AB9BB1 /* Debug */ = {
			isa = XCBuildConfiguration;
			buildSettings = {
				ASSETCATALOG_COMPILER_APPICON_NAME = AppIcon;
				"ASSETCATALOG_COMPILER_APPICON_NAME[sdk=macosx*]" = AppIcon;
				ASSETCATALOG_COMPILER_GLOBAL_ACCENT_COLOR_NAME = AccentColor;
				ASSETCATALOG_COMPILER_INCLUDE_ALL_APPICON_ASSETS = NO;
				CODE_SIGN_ENTITLEMENTS = App/Medsenger.entitlements;
				CODE_SIGN_STYLE = Automatic;
				CURRENT_PROJECT_VERSION = 1;
				DEVELOPMENT_ASSET_PATHS = "\"App/Preview Content\"";
				DEVELOPMENT_TEAM = CRF22TKXX5;
				ENABLE_PREVIEWS = YES;
				GENERATE_INFOPLIST_FILE = YES;
				INFOPLIST_KEY_CFBundleDisplayName = Medsenger;
				INFOPLIST_KEY_NSCameraUsageDescription = "The camera is needed in order to take photos and send them in a chat or add them as an avatar";
				INFOPLIST_KEY_UIApplicationSceneManifest_Generation = YES;
				INFOPLIST_KEY_UIApplicationSupportsIndirectInputEvents = YES;
				INFOPLIST_KEY_UILaunchScreen_Generation = YES;
				INFOPLIST_KEY_UISupportedInterfaceOrientations_iPad = "UIInterfaceOrientationPortrait UIInterfaceOrientationPortraitUpsideDown UIInterfaceOrientationLandscapeLeft UIInterfaceOrientationLandscapeRight";
				INFOPLIST_KEY_UISupportedInterfaceOrientations_iPhone = "UIInterfaceOrientationPortrait UIInterfaceOrientationLandscapeLeft UIInterfaceOrientationLandscapeRight";
				IPHONEOS_DEPLOYMENT_TARGET = 14.0;
				LD_RUNPATH_SEARCH_PATHS = (
					"$(inherited)",
					"@executable_path/Frameworks",
				);
				MACOSX_DEPLOYMENT_TARGET = "$(RECOMMENDED_MACOSX_DEPLOYMENT_TARGET)";
				MARKETING_VERSION = 1.0;
				PRODUCT_BUNDLE_IDENTIFIER = com.medsenger.patient;
				PRODUCT_NAME = "$(TARGET_NAME)";
				SUPPORTED_PLATFORMS = "iphoneos iphonesimulator";
				SUPPORTS_MACCATALYST = NO;
				SUPPORTS_MAC_DESIGNED_FOR_IPHONE_IPAD = NO;
				SWIFT_EMIT_LOC_STRINGS = YES;
				SWIFT_VERSION = 5.0;
				TARGETED_DEVICE_FAMILY = "1,2";
			};
			name = Debug;
		};
		43FF658E2902D2DD00AB9BB1 /* Release */ = {
			isa = XCBuildConfiguration;
			buildSettings = {
				ASSETCATALOG_COMPILER_APPICON_NAME = AppIcon;
				"ASSETCATALOG_COMPILER_APPICON_NAME[sdk=macosx*]" = AppIcon;
				ASSETCATALOG_COMPILER_GLOBAL_ACCENT_COLOR_NAME = AccentColor;
				ASSETCATALOG_COMPILER_INCLUDE_ALL_APPICON_ASSETS = NO;
				CODE_SIGN_ENTITLEMENTS = App/Medsenger.entitlements;
				CODE_SIGN_STYLE = Automatic;
				CURRENT_PROJECT_VERSION = 1;
				DEVELOPMENT_ASSET_PATHS = "\"App/Preview Content\"";
				DEVELOPMENT_TEAM = CRF22TKXX5;
				ENABLE_PREVIEWS = YES;
				GENERATE_INFOPLIST_FILE = YES;
				INFOPLIST_KEY_CFBundleDisplayName = Medsenger;
				INFOPLIST_KEY_NSCameraUsageDescription = "The camera is needed in order to take photos and send them in a chat or add them as an avatar";
				INFOPLIST_KEY_UIApplicationSceneManifest_Generation = YES;
				INFOPLIST_KEY_UIApplicationSupportsIndirectInputEvents = YES;
				INFOPLIST_KEY_UILaunchScreen_Generation = YES;
				INFOPLIST_KEY_UISupportedInterfaceOrientations_iPad = "UIInterfaceOrientationPortrait UIInterfaceOrientationPortraitUpsideDown UIInterfaceOrientationLandscapeLeft UIInterfaceOrientationLandscapeRight";
				INFOPLIST_KEY_UISupportedInterfaceOrientations_iPhone = "UIInterfaceOrientationPortrait UIInterfaceOrientationLandscapeLeft UIInterfaceOrientationLandscapeRight";
				IPHONEOS_DEPLOYMENT_TARGET = 14.0;
				LD_RUNPATH_SEARCH_PATHS = (
					"$(inherited)",
					"@executable_path/Frameworks",
				);
				MACOSX_DEPLOYMENT_TARGET = "$(RECOMMENDED_MACOSX_DEPLOYMENT_TARGET)";
				MARKETING_VERSION = 1.0;
				PRODUCT_BUNDLE_IDENTIFIER = com.medsenger.patient;
				PRODUCT_NAME = "$(TARGET_NAME)";
				SUPPORTED_PLATFORMS = "iphoneos iphonesimulator";
				SUPPORTS_MACCATALYST = NO;
				SUPPORTS_MAC_DESIGNED_FOR_IPHONE_IPAD = NO;
				SWIFT_EMIT_LOC_STRINGS = YES;
				SWIFT_VERSION = 5.0;
				TARGETED_DEVICE_FAMILY = "1,2";
			};
			name = Release;
		};
/* End XCBuildConfiguration section */

/* Begin XCConfigurationList section */
		43FF65792902D2DB00AB9BB1 /* Build configuration list for PBXProject "Medsenger" */ = {
			isa = XCConfigurationList;
			buildConfigurations = (
				43FF658A2902D2DD00AB9BB1 /* Debug */,
				43FF658B2902D2DD00AB9BB1 /* Release */,
			);
			defaultConfigurationIsVisible = 0;
			defaultConfigurationName = Release;
		};
		43FF658C2902D2DD00AB9BB1 /* Build configuration list for PBXNativeTarget "Medsenger" */ = {
			isa = XCConfigurationList;
			buildConfigurations = (
				43FF658D2902D2DD00AB9BB1 /* Debug */,
				43FF658E2902D2DD00AB9BB1 /* Release */,
			);
			defaultConfigurationIsVisible = 0;
			defaultConfigurationName = Release;
		};
/* End XCConfigurationList section */

/* Begin XCVersionGroup section */
		433E597F2906C8D70069F8DF /* Medsenger.xcdatamodeld */ = {
			isa = XCVersionGroup;
			children = (
				433E59802906C8D70069F8DF /* Medsenger.xcdatamodel */,
			);
			currentVersion = 433E59802906C8D70069F8DF /* Medsenger.xcdatamodel */;
			path = Medsenger.xcdatamodeld;
			sourceTree = "<group>";
			versionGroupType = wrapper.xcdatamodel;
		};
/* End XCVersionGroup section */
	};
	rootObject = 43FF65762902D2DB00AB9BB1 /* Project object */;
}
